
Microsoft Visual Studio Solution File, Format Version 12.00
# Visual Studio 15
VisualStudioVersion = 15.0.27428.2037
MinimumVisualStudioVersion = 10.0.40219.1
Project("{FAE04EC0-301F-11D3-BF4B-00C04F79EFBC}") = "Langton", "Langton\Langton.csproj", "{4C9099B5-E8D3-49FA-AA99-EE256666CADD}"
EndProject
Global
	GlobalSection(SolutionConfigurationPlatforms) = preSolution
		Debug|Any CPU = Debug|Any CPU
		Release|Any CPU = Release|Any CPU
	EndGlobalSection
	GlobalSection(ProjectConfigurationPlatforms) = postSolution
		{4C9099B5-E8D3-49FA-AA99-EE256666CADD}.Debug|Any CPU.ActiveCfg = Debug|Any CPU
		{4C9099B5-E8D3-49FA-AA99-EE256666CADD}.Debug|Any CPU.Build.0 = Debug|Any CPU
		{4C9099B5-E8D3-49FA-AA99-EE256666CADD}.Release|Any CPU.ActiveCfg = Release|Any CPU
		{4C9099B5-E8D3-49FA-AA99-EE256666CADD}.Release|Any CPU.Build.0 = Release|Any CPU
	EndGlobalSection
	GlobalSection(SolutionProperties) = preSolution
		HideSolutionNode = FALSE
	EndGlobalSection
	GlobalSection(ExtensibilityGlobals) = postSolution
		SolutionGuid = {2D3A4AF9-8B65-49BC-8C8D-D2740775402B}
	EndGlobalSection
EndGlobal
