
Microsoft Visual Studio Solution File, Format Version 12.00
# Visual Studio 15
VisualStudioVersion = 15.0.27703.2035
MinimumVisualStudioVersion = 10.0.40219.1
Project("{FAE04EC0-301F-11D3-BF4B-00C04F79EFBC}") = "TodoApi", "TodoApi\TodoApi.csproj", "{6968FAA9-7C08-478A-AB89-B232778D891A}"
EndProject
Global
	GlobalSection(SolutionConfigurationPlatforms) = preSolution
		Debug|Any CPU = Debug|Any CPU
		Release|Any CPU = Release|Any CPU
	EndGlobalSection
	GlobalSection(ProjectConfigurationPlatforms) = postSolution
		{6968FAA9-7C08-478A-AB89-B232778D891A}.Debug|Any CPU.ActiveCfg = Debug|Any CPU
		{6968FAA9-7C08-478A-AB89-B232778D891A}.Debug|Any CPU.Build.0 = Debug|Any CPU
		{6968FAA9-7C08-478A-AB89-B232778D891A}.Release|Any CPU.ActiveCfg = Release|Any CPU
		{6968FAA9-7C08-478A-AB89-B232778D891A}.Release|Any CPU.Build.0 = Release|Any CPU
	EndGlobalSection
	GlobalSection(SolutionProperties) = preSolution
		HideSolutionNode = FALSE
	EndGlobalSection
	GlobalSection(ExtensibilityGlobals) = postSolution
		SolutionGuid = {3D445696-F483-404D-873E-1A36C8C81B9C}
	EndGlobalSection
EndGlobal
